
Microsoft Visual Studio Solution File, Format Version 12.00
# Visual Studio Version 17
VisualStudioVersion = 17.7.34031.279
MinimumVisualStudioVersion = 10.0.40219.1
Project("{FAE04EC0-301F-11D3-BF4B-00C04F79EFBC}") = "ConversiiASC_Vonhala_Raul", "ConversiiASC_Vonhala_Raul\ConversiiASC_Vonhala_Raul.csproj", "{BE3E1743-FC6C-4F58-8947-6ADDF117B9AD}"
EndProject
Global
	GlobalSection(SolutionConfigurationPlatforms) = preSolution
		Debug|Any CPU = Debug|Any CPU
		Release|Any CPU = Release|Any CPU
	EndGlobalSection
	GlobalSection(ProjectConfigurationPlatforms) = postSolution
		{BE3E1743-FC6C-4F58-8947-6ADDF117B9AD}.Debug|Any CPU.ActiveCfg = Debug|Any CPU
		{BE3E1743-FC6C-4F58-8947-6ADDF117B9AD}.Debug|Any CPU.Build.0 = Debug|Any CPU
		{BE3E1743-FC6C-4F58-8947-6ADDF117B9AD}.Release|Any CPU.ActiveCfg = Release|Any CPU
		{BE3E1743-FC6C-4F58-8947-6ADDF117B9AD}.Release|Any CPU.Build.0 = Release|Any CPU
	EndGlobalSection
	GlobalSection(SolutionProperties) = preSolution
		HideSolutionNode = FALSE
	EndGlobalSection
	GlobalSection(ExtensibilityGlobals) = postSolution
		SolutionGuid = {BF838BC4-5FDB-428F-9F82-BA03F876430F}
	EndGlobalSection
EndGlobal
