
Microsoft Visual Studio Solution File, Format Version 12.00
# Visual Studio Version 17
VisualStudioVersion = 17.7.34031.279
MinimumVisualStudioVersion = 10.0.40219.1
Project("{FAE04EC0-301F-11D3-BF4B-00C04F79EFBC}") = "BinaryClock_Vonhala_Raul", "BinaryClock_Vonhala_Raul\BinaryClock_Vonhala_Raul.csproj", "{21665752-4EA4-4B05-B302-F3B2E0498553}"
EndProject
Global
	GlobalSection(SolutionConfigurationPlatforms) = preSolution
		Debug|Any CPU = Debug|Any CPU
		Release|Any CPU = Release|Any CPU
	EndGlobalSection
	GlobalSection(ProjectConfigurationPlatforms) = postSolution
		{21665752-4EA4-4B05-B302-F3B2E0498553}.Debug|Any CPU.ActiveCfg = Debug|Any CPU
		{21665752-4EA4-4B05-B302-F3B2E0498553}.Debug|Any CPU.Build.0 = Debug|Any CPU
		{21665752-4EA4-4B05-B302-F3B2E0498553}.Release|Any CPU.ActiveCfg = Release|Any CPU
		{21665752-4EA4-4B05-B302-F3B2E0498553}.Release|Any CPU.Build.0 = Release|Any CPU
	EndGlobalSection
	GlobalSection(SolutionProperties) = preSolution
		HideSolutionNode = FALSE
	EndGlobalSection
	GlobalSection(ExtensibilityGlobals) = postSolution
		SolutionGuid = {738BD105-8F20-4E98-A6CA-BE71EB4ABE47}
	EndGlobalSection
EndGlobal
